// !$*UTF8*$!
{
	archiveVersion = 1;
	classes = {
	};
	objectVersion = 46;
	objects = {

/* Begin PBXBuildFile section */
		852A2EAA1C964CCE003C09BE /* PPDropDownMenuTests.m in Sources */ = {isa = PBXBuildFile; fileRef = 852A2EA91C964CCE003C09BE /* PPDropDownMenuTests.m */; };
		852A2EB51C964CCE003C09BE /* PPDropDownMenuUITests.m in Sources */ = {isa = PBXBuildFile; fileRef = 852A2EB41C964CCE003C09BE /* PPDropDownMenuUITests.m */; };
		85A6E0D31C9D23ED003EB7DB /* Mapping.m in Sources */ = {isa = PBXBuildFile; fileRef = 85A6E0D21C9D23ED003EB7DB /* Mapping.m */; settings = {ASSET_TAGS = (); }; };
		85DD229F1C99B8F900A60AD9 /* ContentTable.m in Sources */ = {isa = PBXBuildFile; fileRef = 85DD22951C99B8F900A60AD9 /* ContentTable.m */; settings = {ASSET_TAGS = (); }; };
		85DD22A01C99B8F900A60AD9 /* DropdownContentTable.m in Sources */ = {isa = PBXBuildFile; fileRef = 85DD22971C99B8F900A60AD9 /* DropdownContentTable.m */; settings = {ASSET_TAGS = (); }; };
		85DD22A11C99B8F900A60AD9 /* DropdownContentTableViewCell.m in Sources */ = {isa = PBXBuildFile; fileRef = 85DD22991C99B8F900A60AD9 /* DropdownContentTableViewCell.m */; settings = {ASSET_TAGS = (); }; };
		85DD22A21C99B8F900A60AD9 /* DropdownContentTableViewCell.xib in Resources */ = {isa = PBXBuildFile; fileRef = 85DD229A1C99B8F900A60AD9 /* DropdownContentTableViewCell.xib */; settings = {ASSET_TAGS = (); }; };
		85DD22A31C99B8F900A60AD9 /* PPDropdownButton.m in Sources */ = {isa = PBXBuildFile; fileRef = 85DD229C1C99B8F900A60AD9 /* PPDropdownButton.m */; settings = {ASSET_TAGS = (); }; };
		85DD22A41C99B8F900A60AD9 /* PPDropdownMenuCenter.m in Sources */ = {isa = PBXBuildFile; fileRef = 85DD229E1C99B8F900A60AD9 /* PPDropdownMenuCenter.m */; settings = {ASSET_TAGS = (); }; };
		85DD22B11C99B90600A60AD9 /* AppDelegate.m in Sources */ = {isa = PBXBuildFile; fileRef = 85DD22A71C99B90600A60AD9 /* AppDelegate.m */; settings = {ASSET_TAGS = (); }; };
		85DD22B21C99B90600A60AD9 /* Assets.xcassets in Resources */ = {isa = PBXBuildFile; fileRef = 85DD22A81C99B90600A60AD9 /* Assets.xcassets */; settings = {ASSET_TAGS = (); }; };
		85DD22B31C99B90600A60AD9 /* LaunchScreen.storyboard in Resources */ = {isa = PBXBuildFile; fileRef = 85DD22A91C99B90600A60AD9 /* LaunchScreen.storyboard */; settings = {ASSET_TAGS = (); }; };
		85DD22B41C99B90600A60AD9 /* Main.storyboard in Resources */ = {isa = PBXBuildFile; fileRef = 85DD22AB1C99B90600A60AD9 /* Main.storyboard */; settings = {ASSET_TAGS = (); }; };
		85DD22B51C99B90600A60AD9 /* Info.plist in Resources */ = {isa = PBXBuildFile; fileRef = 85DD22AD1C99B90600A60AD9 /* Info.plist */; settings = {ASSET_TAGS = (); }; };
		85DD22B61C99B90600A60AD9 /* main.m in Sources */ = {isa = PBXBuildFile; fileRef = 85DD22AE1C99B90600A60AD9 /* main.m */; settings = {ASSET_TAGS = (); }; };
		85DD22B71C99B90600A60AD9 /* ViewController.m in Sources */ = {isa = PBXBuildFile; fileRef = 85DD22B01C99B90600A60AD9 /* ViewController.m */; settings = {ASSET_TAGS = (); }; };
		85DD22B91C99BA1700A60AD9 /* Media.xcassets in Resources */ = {isa = PBXBuildFile; fileRef = 85DD22B81C99BA1700A60AD9 /* Media.xcassets */; settings = {ASSET_TAGS = (); }; };
/* End PBXBuildFile section */

/* Begin PBXContainerItemProxy section */
		852A2EA61C964CCE003C09BE /* PBXContainerItemProxy */ = {
			isa = PBXContainerItemProxy;
			containerPortal = 852A2E841C964CCE003C09BE /* Project object */;
			proxyType = 1;
			remoteGlobalIDString = 852A2E8B1C964CCE003C09BE;
			remoteInfo = PPDropDownMenu;
		};
		852A2EB11C964CCE003C09BE /* PBXContainerItemProxy */ = {
			isa = PBXContainerItemProxy;
			containerPortal = 852A2E841C964CCE003C09BE /* Project object */;
			proxyType = 1;
			remoteGlobalIDString = 852A2E8B1C964CCE003C09BE;
			remoteInfo = PPDropDownMenu;
		};
/* End PBXContainerItemProxy section */

/* Begin PBXFileReference section */
		852A2E8C1C964CCE003C09BE /* PPDropDownMenu.app */ = {isa = PBXFileReference; explicitFileType = wrapper.application; includeInIndex = 0; path = PPDropDownMenu.app; sourceTree = BUILT_PRODUCTS_DIR; };
		852A2EA51C964CCE003C09BE /* PPDropDownMenuTests.xctest */ = {isa = PBXFileReference; explicitFileType = wrapper.cfbundle; includeInIndex = 0; path = PPDropDownMenuTests.xctest; sourceTree = BUILT_PRODUCTS_DIR; };
		852A2EA91C964CCE003C09BE /* PPDropDownMenuTests.m */ = {isa = PBXFileReference; lastKnownFileType = sourcecode.c.objc; path = PPDropDownMenuTests.m; sourceTree = "<group>"; };
		852A2EAB1C964CCE003C09BE /* Info.plist */ = {isa = PBXFileReference; lastKnownFileType = text.plist.xml; path = Info.plist; sourceTree = "<group>"; };
		852A2EB01C964CCE003C09BE /* PPDropDownMenuUITests.xctest */ = {isa = PBXFileReference; explicitFileType = wrapper.cfbundle; includeInIndex = 0; path = PPDropDownMenuUITests.xctest; sourceTree = BUILT_PRODUCTS_DIR; };
		852A2EB41C964CCE003C09BE /* PPDropDownMenuUITests.m */ = {isa = PBXFileReference; lastKnownFileType = sourcecode.c.objc; path = PPDropDownMenuUITests.m; sourceTree = "<group>"; };
		852A2EB61C964CCE003C09BE /* Info.plist */ = {isa = PBXFileReference; lastKnownFileType = text.plist.xml; path = Info.plist; sourceTree = "<group>"; };
		85A6E0D11C9D23ED003EB7DB /* Mapping.h */ = {isa = PBXFileReference; fileEncoding = 4; lastKnownFileType = sourcecode.c.h; path = Mapping.h; sourceTree = "<group>"; };
		85A6E0D21C9D23ED003EB7DB /* Mapping.m */ = {isa = PBXFileReference; fileEncoding = 4; lastKnownFileType = sourcecode.c.objc; path = Mapping.m; sourceTree = "<group>"; };
		85DD22941C99B8F900A60AD9 /* ContentTable.h */ = {isa = PBXFileReference; fileEncoding = 4; lastKnownFileType = sourcecode.c.h; path = ContentTable.h; sourceTree = "<group>"; };
		85DD22951C99B8F900A60AD9 /* ContentTable.m */ = {isa = PBXFileReference; fileEncoding = 4; lastKnownFileType = sourcecode.c.objc; path = ContentTable.m; sourceTree = "<group>"; };
		85DD22961C99B8F900A60AD9 /* DropdownContentTable.h */ = {isa = PBXFileReference; fileEncoding = 4; lastKnownFileType = sourcecode.c.h; path = DropdownContentTable.h; sourceTree = "<group>"; };
		85DD22971C99B8F900A60AD9 /* DropdownContentTable.m */ = {isa = PBXFileReference; fileEncoding = 4; lastKnownFileType = sourcecode.c.objc; path = DropdownContentTable.m; sourceTree = "<group>"; };
		85DD22981C99B8F900A60AD9 /* DropdownContentTableViewCell.h */ = {isa = PBXFileReference; fileEncoding = 4; lastKnownFileType = sourcecode.c.h; path = DropdownContentTableViewCell.h; sourceTree = "<group>"; };
		85DD22991C99B8F900A60AD9 /* DropdownContentTableViewCell.m */ = {isa = PBXFileReference; fileEncoding = 4; lastKnownFileType = sourcecode.c.objc; path = DropdownContentTableViewCell.m; sourceTree = "<group>"; };
		85DD229A1C99B8F900A60AD9 /* DropdownContentTableViewCell.xib */ = {isa = PBXFileReference; fileEncoding = 4; lastKnownFileType = file.xib; path = DropdownContentTableViewCell.xib; sourceTree = "<group>"; };
		85DD229B1C99B8F900A60AD9 /* PPDropdownButton.h */ = {isa = PBXFileReference; fileEncoding = 4; lastKnownFileType = sourcecode.c.h; path = PPDropdownButton.h; sourceTree = "<group>"; };
		85DD229C1C99B8F900A60AD9 /* PPDropdownButton.m */ = {isa = PBXFileReference; fileEncoding = 4; lastKnownFileType = sourcecode.c.objc; path = PPDropdownButton.m; sourceTree = "<group>"; };
		85DD229D1C99B8F900A60AD9 /* PPDropdownMenuCenter.h */ = {isa = PBXFileReference; fileEncoding = 4; lastKnownFileType = sourcecode.c.h; path = PPDropdownMenuCenter.h; sourceTree = "<group>"; };
		85DD229E1C99B8F900A60AD9 /* PPDropdownMenuCenter.m */ = {isa = PBXFileReference; fileEncoding = 4; lastKnownFileType = sourcecode.c.objc; path = PPDropdownMenuCenter.m; sourceTree = "<group>"; };
		85DD22A61C99B90600A60AD9 /* AppDelegate.h */ = {isa = PBXFileReference; fileEncoding = 4; lastKnownFileType = sourcecode.c.h; path = AppDelegate.h; sourceTree = "<group>"; };
		85DD22A71C99B90600A60AD9 /* AppDelegate.m */ = {isa = PBXFileReference; fileEncoding = 4; lastKnownFileType = sourcecode.c.objc; path = AppDelegate.m; sourceTree = "<group>"; };
		85DD22A81C99B90600A60AD9 /* Assets.xcassets */ = {isa = PBXFileReference; lastKnownFileType = folder.assetcatalog; path = Assets.xcassets; sourceTree = "<group>"; };
		85DD22AA1C99B90600A60AD9 /* Base */ = {isa = PBXFileReference; lastKnownFileType = file.storyboard; name = Base; path = Base.lproj/LaunchScreen.storyboard; sourceTree = "<group>"; };
		85DD22AC1C99B90600A60AD9 /* Base */ = {isa = PBXFileReference; lastKnownFileType = file.storyboard; name = Base; path = Base.lproj/Main.storyboard; sourceTree = "<group>"; };
		85DD22AD1C99B90600A60AD9 /* Info.plist */ = {isa = PBXFileReference; fileEncoding = 4; lastKnownFileType = text.plist.xml; path = Info.plist; sourceTree = "<group>"; };
		85DD22AE1C99B90600A60AD9 /* main.m */ = {isa = PBXFileReference; fileEncoding = 4; lastKnownFileType = sourcecode.c.objc; path = main.m; sourceTree = "<group>"; };
		85DD22AF1C99B90600A60AD9 /* ViewController.h */ = {isa = PBXFileReference; fileEncoding = 4; lastKnownFileType = sourcecode.c.h; path = ViewController.h; sourceTree = "<group>"; };
		85DD22B01C99B90600A60AD9 /* ViewController.m */ = {isa = PBXFileReference; fileEncoding = 4; lastKnownFileType = sourcecode.c.objc; path = ViewController.m; sourceTree = "<group>"; };
		85DD22B81C99BA1700A60AD9 /* Media.xcassets */ = {isa = PBXFileReference; lastKnownFileType = folder.assetcatalog; path = Media.xcassets; sourceTree = "<group>"; };
/* End PBXFileReference section */

/* Begin PBXFrameworksBuildPhase section */
		852A2E891C964CCE003C09BE /* Frameworks */ = {
			isa = PBXFrameworksBuildPhase;
			buildActionMask = 2147483647;
			files = (
			);
			runOnlyForDeploymentPostprocessing = 0;
		};
		852A2EA21C964CCE003C09BE /* Frameworks */ = {
			isa = PBXFrameworksBuildPhase;
			buildActionMask = 2147483647;
			files = (
			);
			runOnlyForDeploymentPostprocessing = 0;
		};
		852A2EAD1C964CCE003C09BE /* Frameworks */ = {
			isa = PBXFrameworksBuildPhase;
			buildActionMask = 2147483647;
			files = (
			);
			runOnlyForDeploymentPostprocessing = 0;
		};
/* End PBXFrameworksBuildPhase section */

/* Begin PBXGroup section */
		852A2E831C964CCE003C09BE = {
			isa = PBXGroup;
			children = (
				85DD22931C99B8F900A60AD9 /* PPDropdownMenu */,
				85DD22A51C99B90600A60AD9 /* PPDropDownMenuExample */,
				852A2EA81C964CCE003C09BE /* PPDropDownMenuTests */,
				852A2EB31C964CCE003C09BE /* PPDropDownMenuUITests */,
				852A2E8D1C964CCE003C09BE /* Products */,
			);
			sourceTree = "<group>";
		};
		852A2E8D1C964CCE003C09BE /* Products */ = {
			isa = PBXGroup;
			children = (
				852A2E8C1C964CCE003C09BE /* PPDropDownMenu.app */,
				852A2EA51C964CCE003C09BE /* PPDropDownMenuTests.xctest */,
				852A2EB01C964CCE003C09BE /* PPDropDownMenuUITests.xctest */,
			);
			name = Products;
			sourceTree = "<group>";
		};
		852A2EA81C964CCE003C09BE /* PPDropDownMenuTests */ = {
			isa = PBXGroup;
			children = (
				852A2EA91C964CCE003C09BE /* PPDropDownMenuTests.m */,
				852A2EAB1C964CCE003C09BE /* Info.plist */,
			);
			path = PPDropDownMenuTests;
			sourceTree = "<group>";
		};
		852A2EB31C964CCE003C09BE /* PPDropDownMenuUITests */ = {
			isa = PBXGroup;
			children = (
				852A2EB41C964CCE003C09BE /* PPDropDownMenuUITests.m */,
				852A2EB61C964CCE003C09BE /* Info.plist */,
			);
			path = PPDropDownMenuUITests;
			sourceTree = "<group>";
		};
		85DD22931C99B8F900A60AD9 /* PPDropdownMenu */ = {
			isa = PBXGroup;
			children = (
				85DD22941C99B8F900A60AD9 /* ContentTable.h */,
				85DD22951C99B8F900A60AD9 /* ContentTable.m */,
				85DD22961C99B8F900A60AD9 /* DropdownContentTable.h */,
				85DD22971C99B8F900A60AD9 /* DropdownContentTable.m */,
				85DD22981C99B8F900A60AD9 /* DropdownContentTableViewCell.h */,
				85DD22991C99B8F900A60AD9 /* DropdownContentTableViewCell.m */,
				85DD229A1C99B8F900A60AD9 /* DropdownContentTableViewCell.xib */,
				85DD229B1C99B8F900A60AD9 /* PPDropdownButton.h */,
				85DD229C1C99B8F900A60AD9 /* PPDropdownButton.m */,
				85DD229D1C99B8F900A60AD9 /* PPDropdownMenuCenter.h */,
				85DD229E1C99B8F900A60AD9 /* PPDropdownMenuCenter.m */,
				85DD22B81C99BA1700A60AD9 /* Media.xcassets */,
				85A6E0D11C9D23ED003EB7DB /* Mapping.h */,
				85A6E0D21C9D23ED003EB7DB /* Mapping.m */,
			);
			path = PPDropdownMenu;
			sourceTree = "<group>";
		};
		85DD22A51C99B90600A60AD9 /* PPDropDownMenuExample */ = {
			isa = PBXGroup;
			children = (
				85DD22A61C99B90600A60AD9 /* AppDelegate.h */,
				85DD22A71C99B90600A60AD9 /* AppDelegate.m */,
				85DD22A81C99B90600A60AD9 /* Assets.xcassets */,
				85DD22A91C99B90600A60AD9 /* LaunchScreen.storyboard */,
				85DD22AB1C99B90600A60AD9 /* Main.storyboard */,
				85DD22AD1C99B90600A60AD9 /* Info.plist */,
				85DD22AE1C99B90600A60AD9 /* main.m */,
				85DD22AF1C99B90600A60AD9 /* ViewController.h */,
				85DD22B01C99B90600A60AD9 /* ViewController.m */,
			);
			path = PPDropDownMenuExample;
			sourceTree = "<group>";
		};
/* End PBXGroup section */

/* Begin PBXNativeTarget section */
		852A2E8B1C964CCE003C09BE /* PPDropDownMenu */ = {
			isa = PBXNativeTarget;
			buildConfigurationList = 852A2EB91C964CCE003C09BE /* Build configuration list for PBXNativeTarget "PPDropDownMenu" */;
			buildPhases = (
				852A2E881C964CCE003C09BE /* Sources */,
				852A2E891C964CCE003C09BE /* Frameworks */,
				852A2E8A1C964CCE003C09BE /* Resources */,
			);
			buildRules = (
			);
			dependencies = (
			);
			name = PPDropDownMenu;
			productName = PPDropDownMenu;
			productReference = 852A2E8C1C964CCE003C09BE /* PPDropDownMenu.app */;
			productType = "com.apple.product-type.application";
		};
		852A2EA41C964CCE003C09BE /* PPDropDownMenuTests */ = {
			isa = PBXNativeTarget;
			buildConfigurationList = 852A2EBC1C964CCE003C09BE /* Build configuration list for PBXNativeTarget "PPDropDownMenuTests" */;
			buildPhases = (
				852A2EA11C964CCE003C09BE /* Sources */,
				852A2EA21C964CCE003C09BE /* Frameworks */,
				852A2EA31C964CCE003C09BE /* Resources */,
			);
			buildRules = (
			);
			dependencies = (
				852A2EA71C964CCE003C09BE /* PBXTargetDependency */,
			);
			name = PPDropDownMenuTests;
			productName = PPDropDownMenuTests;
			productReference = 852A2EA51C964CCE003C09BE /* PPDropDownMenuTests.xctest */;
			productType = "com.apple.product-type.bundle.unit-test";
		};
		852A2EAF1C964CCE003C09BE /* PPDropDownMenuUITests */ = {
			isa = PBXNativeTarget;
			buildConfigurationList = 852A2EBF1C964CCE003C09BE /* Build configuration list for PBXNativeTarget "PPDropDownMenuUITests" */;
			buildPhases = (
				852A2EAC1C964CCE003C09BE /* Sources */,
				852A2EAD1C964CCE003C09BE /* Frameworks */,
				852A2EAE1C964CCE003C09BE /* Resources */,
			);
			buildRules = (
			);
			dependencies = (
				852A2EB21C964CCE003C09BE /* PBXTargetDependency */,
			);
			name = PPDropDownMenuUITests;
			productName = PPDropDownMenuUITests;
			productReference = 852A2EB01C964CCE003C09BE /* PPDropDownMenuUITests.xctest */;
			productType = "com.apple.product-type.bundle.ui-testing";
		};
/* End PBXNativeTarget section */

/* Begin PBXProject section */
		852A2E841C964CCE003C09BE /* Project object */ = {
			isa = PBXProject;
			attributes = {
				LastUpgradeCheck = 0720;
				ORGANIZATIONNAME = Zhipeng;
				TargetAttributes = {
					852A2E8B1C964CCE003C09BE = {
						CreatedOnToolsVersion = 7.2;
					};
					852A2EA41C964CCE003C09BE = {
						CreatedOnToolsVersion = 7.2;
						TestTargetID = 852A2E8B1C964CCE003C09BE;
					};
					852A2EAF1C964CCE003C09BE = {
						CreatedOnToolsVersion = 7.2;
						TestTargetID = 852A2E8B1C964CCE003C09BE;
					};
				};
			};
			buildConfigurationList = 852A2E871C964CCE003C09BE /* Build configuration list for PBXProject "PPDropDownMenu" */;
			compatibilityVersion = "Xcode 3.2";
			developmentRegion = English;
			hasScannedForEncodings = 0;
			knownRegions = (
				en,
				Base,
			);
			mainGroup = 852A2E831C964CCE003C09BE;
			productRefGroup = 852A2E8D1C964CCE003C09BE /* Products */;
			projectDirPath = "";
			projectRoot = "";
			targets = (
				852A2E8B1C964CCE003C09BE /* PPDropDownMenu */,
				852A2EA41C964CCE003C09BE /* PPDropDownMenuTests */,
				852A2EAF1C964CCE003C09BE /* PPDropDownMenuUITests */,
			);
		};
/* End PBXProject section */

/* Begin PBXResourcesBuildPhase section */
		852A2E8A1C964CCE003C09BE /* Resources */ = {
			isa = PBXResourcesBuildPhase;
			buildActionMask = 2147483647;
			files = (
				85DD22B31C99B90600A60AD9 /* LaunchScreen.storyboard in Resources */,
				85DD22B21C99B90600A60AD9 /* Assets.xcassets in Resources */,
				85DD22A21C99B8F900A60AD9 /* DropdownContentTableViewCell.xib in Resources */,
				85DD22B51C99B90600A60AD9 /* Info.plist in Resources */,
				85DD22B91C99BA1700A60AD9 /* Media.xcassets in Resources */,
				85DD22B41C99B90600A60AD9 /* Main.storyboard in Resources */,
			);
			runOnlyForDeploymentPostprocessing = 0;
		};
		852A2EA31C964CCE003C09BE /* Resources */ = {
			isa = PBXResourcesBuildPhase;
			buildActionMask = 2147483647;
			files = (
			);
			runOnlyForDeploymentPostprocessing = 0;
		};
		852A2EAE1C964CCE003C09BE /* Resources */ = {
			isa = PBXResourcesBuildPhase;
			buildActionMask = 2147483647;
			files = (
			);
			runOnlyForDeploymentPostprocessing = 0;
		};
/* End PBXResourcesBuildPhase section */

/* Begin PBXSourcesBuildPhase section */
		852A2E881C964CCE003C09BE /* Sources */ = {
			isa = PBXSourcesBuildPhase;
			buildActionMask = 2147483647;
			files = (
				85DD22A11C99B8F900A60AD9 /* DropdownContentTableViewCell.m in Sources */,
				85DD229F1C99B8F900A60AD9 /* ContentTable.m in Sources */,
				85DD22B71C99B90600A60AD9 /* ViewController.m in Sources */,
				85DD22B11C99B90600A60AD9 /* AppDelegate.m in Sources */,
				85DD22A41C99B8F900A60AD9 /* PPDropdownMenuCenter.m in Sources */,
				85DD22A31C99B8F900A60AD9 /* PPDropdownButton.m in Sources */,
				85DD22B61C99B90600A60AD9 /* main.m in Sources */,
				85A6E0D31C9D23ED003EB7DB /* Mapping.m in Sources */,
				85DD22A01C99B8F900A60AD9 /* DropdownContentTable.m in Sources */,
			);
			runOnlyForDeploymentPostprocessing = 0;
		};
		852A2EA11C964CCE003C09BE /* Sources */ = {
			isa = PBXSourcesBuildPhase;
			buildActionMask = 2147483647;
			files = (
				852A2EAA1C964CCE003C09BE /* PPDropDownMenuTests.m in Sources */,
			);
			runOnlyForDeploymentPostprocessing = 0;
		};
		852A2EAC1C964CCE003C09BE /* Sources */ = {
			isa = PBXSourcesBuildPhase;
			buildActionMask = 2147483647;
			files = (
				852A2EB51C964CCE003C09BE /* PPDropDownMenuUITests.m in Sources */,
			);
			runOnlyForDeploymentPostprocessing = 0;
		};
/* End PBXSourcesBuildPhase section */

/* Begin PBXTargetDependency section */
		852A2EA71C964CCE003C09BE /* PBXTargetDependency */ = {
			isa = PBXTargetDependency;
			target = 852A2E8B1C964CCE003C09BE /* PPDropDownMenu */;
			targetProxy = 852A2EA61C964CCE003C09BE /* PBXContainerItemProxy */;
		};
		852A2EB21C964CCE003C09BE /* PBXTargetDependency */ = {
			isa = PBXTargetDependency;
			target = 852A2E8B1C964CCE003C09BE /* PPDropDownMenu */;
			targetProxy = 852A2EB11C964CCE003C09BE /* PBXContainerItemProxy */;
		};
/* End PBXTargetDependency section */

/* Begin PBXVariantGroup section */
		85DD22A91C99B90600A60AD9 /* LaunchScreen.storyboard */ = {
			isa = PBXVariantGroup;
			children = (
				85DD22AA1C99B90600A60AD9 /* Base */,
			);
			name = LaunchScreen.storyboard;
			sourceTree = "<group>";
		};
		85DD22AB1C99B90600A60AD9 /* Main.storyboard */ = {
			isa = PBXVariantGroup;
			children = (
				85DD22AC1C99B90600A60AD9 /* Base */,
			);
			name = Main.storyboard;
			sourceTree = "<group>";
		};
/* End PBXVariantGroup section */

/* Begin XCBuildConfiguration section */
		852A2EB71C964CCE003C09BE /* Debug */ = {
			isa = XCBuildConfiguration;
			buildSettings = {
				ALWAYS_SEARCH_USER_PATHS = NO;
				CLANG_CXX_LANGUAGE_STANDARD = "gnu++0x";
				CLANG_CXX_LIBRARY = "libc++";
				CLANG_ENABLE_MODULES = YES;
				CLANG_ENABLE_OBJC_ARC = YES;
				CLANG_WARN_BOOL_CONVERSION = YES;
				CLANG_WARN_CONSTANT_CONVERSION = YES;
				CLANG_WARN_DIRECT_OBJC_ISA_USAGE = YES_ERROR;
				CLANG_WARN_EMPTY_BODY = YES;
				CLANG_WARN_ENUM_CONVERSION = YES;
				CLANG_WARN_INT_CONVERSION = YES;
				CLANG_WARN_OBJC_ROOT_CLASS = YES_ERROR;
				CLANG_WARN_UNREACHABLE_CODE = YES;
				CLANG_WARN__DUPLICATE_METHOD_MATCH = YES;
				"CODE_SIGN_IDENTITY[sdk=iphoneos*]" = "iPhone Developer";
				COPY_PHASE_STRIP = NO;
				DEBUG_INFORMATION_FORMAT = dwarf;
				ENABLE_STRICT_OBJC_MSGSEND = YES;
				ENABLE_TESTABILITY = YES;
				GCC_C_LANGUAGE_STANDARD = gnu99;
				GCC_DYNAMIC_NO_PIC = NO;
				GCC_NO_COMMON_BLOCKS = YES;
				GCC_OPTIMIZATION_LEVEL = 0;
				GCC_PREPROCESSOR_DEFINITIONS = (
					"DEBUG=1",
					"$(inherited)",
				);
				GCC_WARN_64_TO_32_BIT_CONVERSION = YES;
				GCC_WARN_ABOUT_RETURN_TYPE = YES_ERROR;
				GCC_WARN_UNDECLARED_SELECTOR = YES;
				GCC_WARN_UNINITIALIZED_AUTOS = YES_AGGRESSIVE;
				GCC_WARN_UNUSED_FUNCTION = YES;
				GCC_WARN_UNUSED_VARIABLE = YES;
				IPHONEOS_DEPLOYMENT_TARGET = 9.2;
				MTL_ENABLE_DEBUG_INFO = YES;
				ONLY_ACTIVE_ARCH = YES;
				SDKROOT = iphoneos;
				TARGETED_DEVICE_FAMILY = "1,2";
			};
			name = Debug;
		};
		852A2EB81C964CCE003C09BE /* Release */ = {
			isa = XCBuildConfiguration;
			buildSettings = {
				ALWAYS_SEARCH_USER_PATHS = NO;
				CLANG_CXX_LANGUAGE_STANDARD = "gnu++0x";
				CLANG_CXX_LIBRARY = "libc++";
				CLANG_ENABLE_MODULES = YES;
				CLANG_ENABLE_OBJC_ARC = YES;
				CLANG_WARN_BOOL_CONVERSION = YES;
				CLANG_WARN_CONSTANT_CONVERSION = YES;
				CLANG_WARN_DIRECT_OBJC_ISA_USAGE = YES_ERROR;
				CLANG_WARN_EMPTY_BODY = YES;
				CLANG_WARN_ENUM_CONVERSION = YES;
				CLANG_WARN_INT_CONVERSION = YES;
				CLANG_WARN_OBJC_ROOT_CLASS = YES_ERROR;
				CLANG_WARN_UNREACHABLE_CODE = YES;
				CLANG_WARN__DUPLICATE_METHOD_MATCH = YES;
				"CODE_SIGN_IDENTITY[sdk=iphoneos*]" = "iPhone Developer";
				COPY_PHASE_STRIP = NO;
				DEBUG_INFORMATION_FORMAT = "dwarf-with-dsym";
				ENABLE_NS_ASSERTIONS = NO;
				ENABLE_STRICT_OBJC_MSGSEND = YES;
				GCC_C_LANGUAGE_STANDARD = gnu99;
				GCC_NO_COMMON_BLOCKS = YES;
				GCC_WARN_64_TO_32_BIT_CONVERSION = YES;
				GCC_WARN_ABOUT_RETURN_TYPE = YES_ERROR;
				GCC_WARN_UNDECLARED_SELECTOR = YES;
				GCC_WARN_UNINITIALIZED_AUTOS = YES_AGGRESSIVE;
				GCC_WARN_UNUSED_FUNCTION = YES;
				GCC_WARN_UNUSED_VARIABLE = YES;
				IPHONEOS_DEPLOYMENT_TARGET = 9.2;
				MTL_ENABLE_DEBUG_INFO = NO;
				SDKROOT = iphoneos;
				TARGETED_DEVICE_FAMILY = "1,2";
				VALIDATE_PRODUCT = YES;
			};
			name = Release;
		};
		852A2EBA1C964CCE003C09BE /* Debug */ = {
			isa = XCBuildConfiguration;
			buildSettings = {
				ASSETCATALOG_COMPILER_APPICON_NAME = AppIcon;
				INFOPLIST_FILE = "$(SRCROOT)/PPDropDownMenuExample/Info.plist";
				IPHONEOS_DEPLOYMENT_TARGET = 9.0;
				LD_RUNPATH_SEARCH_PATHS = "$(inherited) @executable_path/Frameworks";
				PRODUCT_BUNDLE_IDENTIFIER = com.motherapp.PPDropDownMenu;
				PRODUCT_NAME = "$(TARGET_NAME)";
			};
			name = Debug;
		};
		852A2EBB1C964CCE003C09BE /* Release */ = {
			isa = XCBuildConfiguration;
			buildSettings = {
				ASSETCATALOG_COMPILER_APPICON_NAME = AppIcon;
				INFOPLIST_FILE = "$(SRCROOT)/PPDropDownMenuExample/Info.plist";
				IPHONEOS_DEPLOYMENT_TARGET = 9.0;
				LD_RUNPATH_SEARCH_PATHS = "$(inherited) @executable_path/Frameworks";
				PRODUCT_BUNDLE_IDENTIFIER = com.motherapp.PPDropDownMenu;
				PRODUCT_NAME = "$(TARGET_NAME)";
			};
			name = Release;
		};
		852A2EBD1C964CCE003C09BE /* Debug */ = {
			isa = XCBuildConfiguration;
			buildSettings = {
				BUNDLE_LOADER = "$(TEST_HOST)";
				INFOPLIST_FILE = PPDropDownMenuTests/Info.plist;
				IPHONEOS_DEPLOYMENT_TARGET = 9.0;
				LD_RUNPATH_SEARCH_PATHS = "$(inherited) @executable_path/Frameworks @loader_path/Frameworks";
				PRODUCT_BUNDLE_IDENTIFIER = com.motherapp.PPDropDownMenuTests;
				PRODUCT_NAME = "$(TARGET_NAME)";
				TEST_HOST = "$(BUILT_PRODUCTS_DIR)/PPDropDownMenu.app/PPDropDownMenu";
			};
			name = Debug;
		};
		852A2EBE1C964CCE003C09BE /* Release */ = {
			isa = XCBuildConfiguration;
			buildSettings = {
				BUNDLE_LOADER = "$(TEST_HOST)";
				INFOPLIST_FILE = PPDropDownMenuTests/Info.plist;
				IPHONEOS_DEPLOYMENT_TARGET = 9.0;
				LD_RUNPATH_SEARCH_PATHS = "$(inherited) @executable_path/Frameworks @loader_path/Frameworks";
				PRODUCT_BUNDLE_IDENTIFIER = com.motherapp.PPDropDownMenuTests;
				PRODUCT_NAME = "$(TARGET_NAME)";
				TEST_HOST = "$(BUILT_PRODUCTS_DIR)/PPDropDownMenu.app/PPDropDownMenu";
			};
			name = Release;
		};
		852A2EC01C964CCE003C09BE /* Debug */ = {
			isa = XCBuildConfiguration;
			buildSettings = {
				INFOPLIST_FILE = PPDropDownMenuUITests/Info.plist;
				IPHONEOS_DEPLOYMENT_TARGET = 9.0;
				LD_RUNPATH_SEARCH_PATHS = "$(inherited) @executable_path/Frameworks @loader_path/Frameworks";
				PRODUCT_BUNDLE_IDENTIFIER = com.motherapp.PPDropDownMenuUITests;
				PRODUCT_NAME = "$(TARGET_NAME)";
				TEST_TARGET_NAME = PPDropDownMenu;
				USES_XCTRUNNER = YES;
			};
			name = Debug;
		};
		852A2EC11C964CCE003C09BE /* Release */ = {
			isa = XCBuildConfiguration;
			buildSettings = {
				INFOPLIST_FILE = PPDropDownMenuUITests/Info.plist;
				IPHONEOS_DEPLOYMENT_TARGET = 9.0;
				LD_RUNPATH_SEARCH_PATHS = "$(inherited) @executable_path/Frameworks @loader_path/Frameworks";
				PRODUCT_BUNDLE_IDENTIFIER = com.motherapp.PPDropDownMenuUITests;
				PRODUCT_NAME = "$(TARGET_NAME)";
				TEST_TARGET_NAME = PPDropDownMenu;
				USES_XCTRUNNER = YES;
			};
			name = Release;
		};
/* End XCBuildConfiguration section */

/* Begin XCConfigurationList section */
		852A2E871C964CCE003C09BE /* Build configuration list for PBXProject "PPDropDownMenu" */ = {
			isa = XCConfigurationList;
			buildConfigurations = (
				852A2EB71C964CCE003C09BE /* Debug */,
				852A2EB81C964CCE003C09BE /* Release */,
			);
			defaultConfigurationIsVisible = 0;
			defaultConfigurationName = Release;
		};
		852A2EB91C964CCE003C09BE /* Build configuration list for PBXNativeTarget "PPDropDownMenu" */ = {
			isa = XCConfigurationList;
			buildConfigurations = (
				852A2EBA1C964CCE003C09BE /* Debug */,
				852A2EBB1C964CCE003C09BE /* Release */,
			);
			defaultConfigurationIsVisible = 0;
			defaultConfigurationName = Release;
		};
		852A2EBC1C964CCE003C09BE /* Build configuration list for PBXNativeTarget "PPDropDownMenuTests" */ = {
			isa = XCConfigurationList;
			buildConfigurations = (
				852A2EBD1C964CCE003C09BE /* Debug */,
				852A2EBE1C964CCE003C09BE /* Release */,
			);
			defaultConfigurationIsVisible = 0;
			defaultConfigurationName = Release;
		};
		852A2EBF1C964CCE003C09BE /* Build configuration list for PBXNativeTarget "PPDropDownMenuUITests" */ = {
			isa = XCConfigurationList;
			buildConfigurations = (
				852A2EC01C964CCE003C09BE /* Debug */,
				852A2EC11C964CCE003C09BE /* Release */,
			);
			defaultConfigurationIsVisible = 0;
			defaultConfigurationName = Release;
		};
/* End XCConfigurationList section */
	};
	rootObject = 852A2E841C964CCE003C09BE /* Project object */;
}
